
Microsoft Visual Studio Solution File, Format Version 12.00
# Visual Studio Version 17
VisualStudioVersion = 17.10.35013.160
MinimumVisualStudioVersion = 10.0.40219.1
Project("{FAE04EC0-301F-11D3-BF4B-00C04F79EFBC}") = "DeskThingMedia", "DeskThingMedia.csproj", "{BB50E82A-502D-46BC-85F9-77344EAA52B4}"
EndProject
Global
	GlobalSection(SolutionConfigurationPlatforms) = preSolution
		Debug|Any CPU = Debug|Any CPU
		Release|Any CPU = Release|Any CPU
	EndGlobalSection
	GlobalSection(ProjectConfigurationPlatforms) = postSolution
		{BB50E82A-502D-46BC-85F9-77344EAA52B4}.Debug|Any CPU.ActiveCfg = Debug|Any CPU
		{BB50E82A-502D-46BC-85F9-77344EAA52B4}.Debug|Any CPU.Build.0 = Debug|Any CPU
		{BB50E82A-502D-46BC-85F9-77344EAA52B4}.Release|Any CPU.ActiveCfg = Release|Any CPU
		{BB50E82A-502D-46BC-85F9-77344EAA52B4}.Release|Any CPU.Build.0 = Release|Any CPU
	EndGlobalSection
	GlobalSection(SolutionProperties) = preSolution
		HideSolutionNode = FALSE
	EndGlobalSection
	GlobalSection(ExtensibilityGlobals) = postSolution
		SolutionGuid = {8B47705E-CF9D-4A79-B697-E2E5D8F77E03}
	EndGlobalSection
EndGlobal
